
Microsoft Visual Studio Solution File, Format Version 12.00
# Visual Studio 15
VisualStudioVersion = 15.0.28010.2036
MinimumVisualStudioVersion = 10.0.40219.1
Project("{8BC9CEB8-8B4A-11D0-8D11-00A0C91BC942}") = "3.17", "3.17\3.17.vcxproj", "{AA8102B5-FE5A-4FB7-99BA-D89F2A142BEC}"
EndProject
Global
	GlobalSection(SolutionConfigurationPlatforms) = preSolution
		Debug|x64 = Debug|x64
		Debug|x86 = Debug|x86
		Release|x64 = Release|x64
		Release|x86 = Release|x86
	EndGlobalSection
	GlobalSection(ProjectConfigurationPlatforms) = postSolution
		{AA8102B5-FE5A-4FB7-99BA-D89F2A142BEC}.Debug|x64.ActiveCfg = Debug|x64
		{AA8102B5-FE5A-4FB7-99BA-D89F2A142BEC}.Debug|x64.Build.0 = Debug|x64
		{AA8102B5-FE5A-4FB7-99BA-D89F2A142BEC}.Debug|x86.ActiveCfg = Debug|Win32
		{AA8102B5-FE5A-4FB7-99BA-D89F2A142BEC}.Debug|x86.Build.0 = Debug|Win32
		{AA8102B5-FE5A-4FB7-99BA-D89F2A142BEC}.Release|x64.ActiveCfg = Release|x64
		{AA8102B5-FE5A-4FB7-99BA-D89F2A142BEC}.Release|x64.Build.0 = Release|x64
		{AA8102B5-FE5A-4FB7-99BA-D89F2A142BEC}.Release|x86.ActiveCfg = Release|Win32
		{AA8102B5-FE5A-4FB7-99BA-D89F2A142BEC}.Release|x86.Build.0 = Release|Win32
	EndGlobalSection
	GlobalSection(SolutionProperties) = preSolution
		HideSolutionNode = FALSE
	EndGlobalSection
	GlobalSection(ExtensibilityGlobals) = postSolution
		SolutionGuid = {D2A2BA12-484C-4463-9023-407ED93A06BA}
	EndGlobalSection
EndGlobal
